// !$*UTF8*$!
{
	archiveVersion = 1;
	classes = {
	};
	objectVersion = 46;
	objects = {

/* Begin PBXBuildFile section */
		B63D27C71AF6C17800E7F043 /* main.m in Sources */ = {isa = PBXBuildFile; fileRef = B63D27C61AF6C17800E7F043 /* main.m */; };
		B63D27CA1AF6C17800E7F043 /* AppDelegate.m in Sources */ = {isa = PBXBuildFile; fileRef = B63D27C91AF6C17800E7F043 /* AppDelegate.m */; };
		B63D27CD1AF6C17800E7F043 /* ViewController.m in Sources */ = {isa = PBXBuildFile; fileRef = B63D27CC1AF6C17800E7F043 /* ViewController.m */; };
		B63D27D01AF6C17800E7F043 /* Main.storyboard in Resources */ = {isa = PBXBuildFile; fileRef = B63D27CE1AF6C17800E7F043 /* Main.storyboard */; };
		B63D27D21AF6C17800E7F043 /* Images.xcassets in Resources */ = {isa = PBXBuildFile; fileRef = B63D27D11AF6C17800E7F043 /* Images.xcassets */; };
		B63D27D51AF6C17800E7F043 /* LaunchScreen.xib in Resources */ = {isa = PBXBuildFile; fileRef = B63D27D31AF6C17800E7F043 /* LaunchScreen.xib */; };
		B63D29E01AF6F50600E7F043 /* GameScene.m in Sources */ = {isa = PBXBuildFile; fileRef = B63D29DF1AF6F50600E7F043 /* GameScene.m */; };
		B6578C5B1B36239E0049A82E /* LFCGzipUtility.m in Sources */ = {isa = PBXBuildFile; fileRef = B6578C4A1B36239E0049A82E /* LFCGzipUtility.m */; };
		B6578C5C1B36239E0049A82E /* NSMutableDictionary+SKATMXParserUtils.m in Sources */ = {isa = PBXBuildFile; fileRef = B6578C4C1B36239E0049A82E /* NSMutableDictionary+SKATMXParserUtils.m */; };
		B6578C5D1B36239E0049A82E /* SKAMapTile.m in Sources */ = {isa = PBXBuildFile; fileRef = B6578C4E1B36239E0049A82E /* SKAMapTile.m */; };
		B6578C5E1B36239E0049A82E /* SKAObject.m in Sources */ = {isa = PBXBuildFile; fileRef = B6578C501B36239E0049A82E /* SKAObject.m */; };
		B6578C5F1B36239E0049A82E /* SKAObjectLayer.m in Sources */ = {isa = PBXBuildFile; fileRef = B6578C521B36239E0049A82E /* SKAObjectLayer.m */; };
		B6578C601B36239E0049A82E /* SKASprite.m in Sources */ = {isa = PBXBuildFile; fileRef = B6578C541B36239E0049A82E /* SKASprite.m */; };
		B6578C611B36239E0049A82E /* SKASpriteLayer.m in Sources */ = {isa = PBXBuildFile; fileRef = B6578C561B36239E0049A82E /* SKASpriteLayer.m */; };
		B6578C621B36239E0049A82E /* SKATiledMap.m in Sources */ = {isa = PBXBuildFile; fileRef = B6578C581B36239E0049A82E /* SKATiledMap.m */; };
		B6578C631B36239E0049A82E /* SKATMXParser.m in Sources */ = {isa = PBXBuildFile; fileRef = B6578C5A1B36239E0049A82E /* SKATMXParser.m */; };
		B67A57DC1B10BD1700395E70 /* Backgrounds.tps in Resources */ = {isa = PBXBuildFile; fileRef = B67A57CD1B10BD1700395E70 /* Backgrounds.tps */; };
		B67A57DD1B10BD1700395E70 /* Items.tps in Resources */ = {isa = PBXBuildFile; fileRef = B67A57CE1B10BD1700395E70 /* Items.tps */; };
		B67A57DE1B10BD1700395E70 /* Platforms.tps in Resources */ = {isa = PBXBuildFile; fileRef = B67A57CF1B10BD1700395E70 /* Platforms.tps */; };
		B67A57DF1B10BD1700395E70 /* SampleMap0.json in Resources */ = {isa = PBXBuildFile; fileRef = B67A57D01B10BD1700395E70 /* SampleMap0.json */; };
		B67A57E01B10BD1700395E70 /* SampleMap0.tmx in Resources */ = {isa = PBXBuildFile; fileRef = B67A57D11B10BD1700395E70 /* SampleMap0.tmx */; };
		B67A57E11B10BD1700395E70 /* Backgrounds.1.png in Resources */ = {isa = PBXBuildFile; fileRef = B67A57D31B10BD1700395E70 /* Backgrounds.1.png */; };
		B67A57E21B10BD1700395E70 /* Items.1.png in Resources */ = {isa = PBXBuildFile; fileRef = B67A57D41B10BD1700395E70 /* Items.1.png */; };
		B67A57E31B10BD1700395E70 /* Platforms.1.png in Resources */ = {isa = PBXBuildFile; fileRef = B67A57D51B10BD1700395E70 /* Platforms.1.png */; };
		B67A57E41B10BD1700395E70 /* Structural.1.png in Resources */ = {isa = PBXBuildFile; fileRef = B67A57D61B10BD1700395E70 /* Structural.1.png */; };
		B67A57E51B10BD1700395E70 /* Tiles.1.png in Resources */ = {isa = PBXBuildFile; fileRef = B67A57D71B10BD1700395E70 /* Tiles.1.png */; };
		B67A57E61B10BD1700395E70 /* Walls.1.png in Resources */ = {isa = PBXBuildFile; fileRef = B67A57D81B10BD1700395E70 /* Walls.1.png */; };
		B67A57E71B10BD1700395E70 /* Structural.tps in Resources */ = {isa = PBXBuildFile; fileRef = B67A57D91B10BD1700395E70 /* Structural.tps */; };
		B67A57E81B10BD1700395E70 /* Tiles.tps in Resources */ = {isa = PBXBuildFile; fileRef = B67A57DA1B10BD1700395E70 /* Tiles.tps */; };
		B67A57E91B10BD1700395E70 /* Walls.tps in Resources */ = {isa = PBXBuildFile; fileRef = B67A57DB1B10BD1700395E70 /* Walls.tps */; };
		B67B1CE51B195B0E008FA53B /* SKAMiniMap.m in Sources */ = {isa = PBXBuildFile; fileRef = B67B1CE41B195B0E008FA53B /* SKAMiniMap.m */; };
		B67B1CE81B195EFF008FA53B /* SKACroppedMiniMap.m in Sources */ = {isa = PBXBuildFile; fileRef = B67B1CE71B195EFF008FA53B /* SKACroppedMiniMap.m */; };
		B6C751251B13912100455CA6 /* SKAButtonSprite.m in Sources */ = {isa = PBXBuildFile; fileRef = B6C751111B13912100455CA6 /* SKAButtonSprite.m */; };
		B6C7512C1B13912100455CA6 /* SKATestHud.m in Sources */ = {isa = PBXBuildFile; fileRef = B6C7511F1B13912100455CA6 /* SKATestHud.m */; };
		B6C7512D1B13912100455CA6 /* SKATestPlayer.m in Sources */ = {isa = PBXBuildFile; fileRef = B6C751211B13912100455CA6 /* SKATestPlayer.m */; };
		F461257B1B30EA2700352D7C /* libz.1.2.5.dylib in Frameworks */ = {isa = PBXBuildFile; fileRef = F461257A1B30EA2700352D7C /* libz.1.2.5.dylib */; };
		F4BAA56F1B4DB8FF00B2D4A8 /* CollisionDefine.m in Sources */ = {isa = PBXBuildFile; fileRef = F4BAA56E1B4DB8FF00B2D4A8 /* CollisionDefine.m */; };
/* End PBXBuildFile section */

/* Begin PBXCopyFilesBuildPhase section */
		B67A58611B125BBB00395E70 /* Embed Frameworks */ = {
			isa = PBXCopyFilesBuildPhase;
			buildActionMask = 2147483647;
			dstPath = "";
			dstSubfolderSpec = 10;
			files = (
			);
			name = "Embed Frameworks";
			runOnlyForDeploymentPostprocessing = 0;
		};
/* End PBXCopyFilesBuildPhase section */

/* Begin PBXFileReference section */
		B63D27C11AF6C17800E7F043 /* SKAToolKitExample.app */ = {isa = PBXFileReference; explicitFileType = wrapper.application; includeInIndex = 0; path = SKAToolKitExample.app; sourceTree = BUILT_PRODUCTS_DIR; };
		B63D27C51AF6C17800E7F043 /* Info.plist */ = {isa = PBXFileReference; lastKnownFileType = text.plist.xml; path = Info.plist; sourceTree = "<group>"; };
		B63D27C61AF6C17800E7F043 /* main.m */ = {isa = PBXFileReference; lastKnownFileType = sourcecode.c.objc; path = main.m; sourceTree = "<group>"; };
		B63D27C81AF6C17800E7F043 /* AppDelegate.h */ = {isa = PBXFileReference; lastKnownFileType = sourcecode.c.h; path = AppDelegate.h; sourceTree = "<group>"; };
		B63D27C91AF6C17800E7F043 /* AppDelegate.m */ = {isa = PBXFileReference; lastKnownFileType = sourcecode.c.objc; path = AppDelegate.m; sourceTree = "<group>"; };
		B63D27CB1AF6C17800E7F043 /* ViewController.h */ = {isa = PBXFileReference; lastKnownFileType = sourcecode.c.h; path = ViewController.h; sourceTree = "<group>"; };
		B63D27CC1AF6C17800E7F043 /* ViewController.m */ = {isa = PBXFileReference; lastKnownFileType = sourcecode.c.objc; path = ViewController.m; sourceTree = "<group>"; };
		B63D27CF1AF6C17800E7F043 /* Base */ = {isa = PBXFileReference; lastKnownFileType = file.storyboard; name = Base; path = Base.lproj/Main.storyboard; sourceTree = "<group>"; };
		B63D27D11AF6C17800E7F043 /* Images.xcassets */ = {isa = PBXFileReference; lastKnownFileType = folder.assetcatalog; path = Images.xcassets; sourceTree = "<group>"; };
		B63D27D41AF6C17800E7F043 /* Base */ = {isa = PBXFileReference; lastKnownFileType = file.xib; name = Base; path = Base.lproj/LaunchScreen.xib; sourceTree = "<group>"; };
		B63D29DE1AF6F50600E7F043 /* GameScene.h */ = {isa = PBXFileReference; fileEncoding = 4; lastKnownFileType = sourcecode.c.h; path = GameScene.h; sourceTree = "<group>"; };
		B63D29DF1AF6F50600E7F043 /* GameScene.m */ = {isa = PBXFileReference; fileEncoding = 4; lastKnownFileType = sourcecode.c.objc; path = GameScene.m; sourceTree = "<group>"; };
		B6578C481B36239E0049A82E /* CollisionDefine.h */ = {isa = PBXFileReference; fileEncoding = 4; lastKnownFileType = sourcecode.c.h; name = CollisionDefine.h; path = SKATiledMap/CollisionDefine.h; sourceTree = "<group>"; };
		B6578C491B36239E0049A82E /* LFCGzipUtility.h */ = {isa = PBXFileReference; fileEncoding = 4; lastKnownFileType = sourcecode.c.h; name = LFCGzipUtility.h; path = SKATiledMap/LFCGzipUtility.h; sourceTree = "<group>"; };
		B6578C4A1B36239E0049A82E /* LFCGzipUtility.m */ = {isa = PBXFileReference; fileEncoding = 4; lastKnownFileType = sourcecode.c.objc; name = LFCGzipUtility.m; path = SKATiledMap/LFCGzipUtility.m; sourceTree = "<group>"; };
		B6578C4B1B36239E0049A82E /* NSMutableDictionary+SKATMXParserUtils.h */ = {isa = PBXFileReference; fileEncoding = 4; lastKnownFileType = sourcecode.c.h; name = "NSMutableDictionary+SKATMXParserUtils.h"; path = "SKATiledMap/NSMutableDictionary+SKATMXParserUtils.h"; sourceTree = "<group>"; };
		B6578C4C1B36239E0049A82E /* NSMutableDictionary+SKATMXParserUtils.m */ = {isa = PBXFileReference; fileEncoding = 4; lastKnownFileType = sourcecode.c.objc; name = "NSMutableDictionary+SKATMXParserUtils.m"; path = "SKATiledMap/NSMutableDictionary+SKATMXParserUtils.m"; sourceTree = "<group>"; };
		B6578C4D1B36239E0049A82E /* SKAMapTile.h */ = {isa = PBXFileReference; fileEncoding = 4; lastKnownFileType = sourcecode.c.h; name = SKAMapTile.h; path = SKATiledMap/SKAMapTile.h; sourceTree = "<group>"; };
		B6578C4E1B36239E0049A82E /* SKAMapTile.m */ = {isa = PBXFileReference; fileEncoding = 4; lastKnownFileType = sourcecode.c.objc; name = SKAMapTile.m; path = SKATiledMap/SKAMapTile.m; sourceTree = "<group>"; };
		B6578C4F1B36239E0049A82E /* SKAObject.h */ = {isa = PBXFileReference; fileEncoding = 4; lastKnownFileType = sourcecode.c.h; name = SKAObject.h; path = SKATiledMap/SKAObject.h; sourceTree = "<group>"; };
		B6578C501B36239E0049A82E /* SKAObject.m */ = {isa = PBXFileReference; fileEncoding = 4; lastKnownFileType = sourcecode.c.objc; name = SKAObject.m; path = SKATiledMap/SKAObject.m; sourceTree = "<group>"; };
		B6578C511B36239E0049A82E /* SKAObjectLayer.h */ = {isa = PBXFileReference; fileEncoding = 4; lastKnownFileType = sourcecode.c.h; name = SKAObjectLayer.h; path = SKATiledMap/SKAObjectLayer.h; sourceTree = "<group>"; };
		B6578C521B36239E0049A82E /* SKAObjectLayer.m */ = {isa = PBXFileReference; fileEncoding = 4; lastKnownFileType = sourcecode.c.objc; name = SKAObjectLayer.m; path = SKATiledMap/SKAObjectLayer.m; sourceTree = "<group>"; };
		B6578C531B36239E0049A82E /* SKASprite.h */ = {isa = PBXFileReference; fileEncoding = 4; lastKnownFileType = sourcecode.c.h; name = SKASprite.h; path = SKATiledMap/SKASprite.h; sourceTree = "<group>"; };
		B6578C541B36239E0049A82E /* SKASprite.m */ = {isa = PBXFileReference; fileEncoding = 4; lastKnownFileType = sourcecode.c.objc; name = SKASprite.m; path = SKATiledMap/SKASprite.m; sourceTree = "<group>"; };
		B6578C551B36239E0049A82E /* SKASpriteLayer.h */ = {isa = PBXFileReference; fileEncoding = 4; lastKnownFileType = sourcecode.c.h; name = SKASpriteLayer.h; path = SKATiledMap/SKASpriteLayer.h; sourceTree = "<group>"; };
		B6578C561B36239E0049A82E /* SKASpriteLayer.m */ = {isa = PBXFileReference; fileEncoding = 4; lastKnownFileType = sourcecode.c.objc; name = SKASpriteLayer.m; path = SKATiledMap/SKASpriteLayer.m; sourceTree = "<group>"; };
		B6578C571B36239E0049A82E /* SKATiledMap.h */ = {isa = PBXFileReference; fileEncoding = 4; lastKnownFileType = sourcecode.c.h; name = SKATiledMap.h; path = SKATiledMap/SKATiledMap.h; sourceTree = "<group>"; };
		B6578C581B36239E0049A82E /* SKATiledMap.m */ = {isa = PBXFileReference; fileEncoding = 4; lastKnownFileType = sourcecode.c.objc; name = SKATiledMap.m; path = SKATiledMap/SKATiledMap.m; sourceTree = "<group>"; };
		B6578C591B36239E0049A82E /* SKATMXParser.h */ = {isa = PBXFileReference; fileEncoding = 4; lastKnownFileType = sourcecode.c.h; name = SKATMXParser.h; path = SKATiledMap/SKATMXParser.h; sourceTree = "<group>"; };
		B6578C5A1B36239E0049A82E /* SKATMXParser.m */ = {isa = PBXFileReference; fileEncoding = 4; lastKnownFileType = sourcecode.c.objc; name = SKATMXParser.m; path = SKATiledMap/SKATMXParser.m; sourceTree = "<group>"; };
		B67A57CD1B10BD1700395E70 /* Backgrounds.tps */ = {isa = PBXFileReference; fileEncoding = 4; lastKnownFileType = text.xml; path = Backgrounds.tps; sourceTree = "<group>"; };
		B67A57CE1B10BD1700395E70 /* Items.tps */ = {isa = PBXFileReference; fileEncoding = 4; lastKnownFileType = text.xml; path = Items.tps; sourceTree = "<group>"; };
		B67A57CF1B10BD1700395E70 /* Platforms.tps */ = {isa = PBXFileReference; fileEncoding = 4; lastKnownFileType = text.xml; path = Platforms.tps; sourceTree = "<group>"; };
		B67A57D01B10BD1700395E70 /* SampleMap0.json */ = {isa = PBXFileReference; fileEncoding = 4; lastKnownFileType = text.json; path = SampleMap0.json; sourceTree = "<group>"; };
		B67A57D11B10BD1700395E70 /* SampleMap0.tmx */ = {isa = PBXFileReference; fileEncoding = 4; lastKnownFileType = text.xml; path = SampleMap0.tmx; sourceTree = "<group>"; };
		B67A57D31B10BD1700395E70 /* Backgrounds.1.png */ = {isa = PBXFileReference; lastKnownFileType = image.png; path = Backgrounds.1.png; sourceTree = "<group>"; };
		B67A57D41B10BD1700395E70 /* Items.1.png */ = {isa = PBXFileReference; lastKnownFileType = image.png; path = Items.1.png; sourceTree = "<group>"; };
		B67A57D51B10BD1700395E70 /* Platforms.1.png */ = {isa = PBXFileReference; lastKnownFileType = image.png; path = Platforms.1.png; sourceTree = "<group>"; };
		B67A57D61B10BD1700395E70 /* Structural.1.png */ = {isa = PBXFileReference; lastKnownFileType = image.png; path = Structural.1.png; sourceTree = "<group>"; };
		B67A57D71B10BD1700395E70 /* Tiles.1.png */ = {isa = PBXFileReference; lastKnownFileType = image.png; path = Tiles.1.png; sourceTree = "<group>"; };
		B67A57D81B10BD1700395E70 /* Walls.1.png */ = {isa = PBXFileReference; lastKnownFileType = image.png; path = Walls.1.png; sourceTree = "<group>"; };
		B67A57D91B10BD1700395E70 /* Structural.tps */ = {isa = PBXFileReference; fileEncoding = 4; lastKnownFileType = text.xml; path = Structural.tps; sourceTree = "<group>"; };
		B67A57DA1B10BD1700395E70 /* Tiles.tps */ = {isa = PBXFileReference; fileEncoding = 4; lastKnownFileType = text.xml; path = Tiles.tps; sourceTree = "<group>"; };
		B67A57DB1B10BD1700395E70 /* Walls.tps */ = {isa = PBXFileReference; fileEncoding = 4; lastKnownFileType = text.xml; path = Walls.tps; sourceTree = "<group>"; };
		B67B1CE31B195B0E008FA53B /* SKAMiniMap.h */ = {isa = PBXFileReference; fileEncoding = 4; lastKnownFileType = sourcecode.c.h; path = SKAMiniMap.h; sourceTree = "<group>"; };
		B67B1CE41B195B0E008FA53B /* SKAMiniMap.m */ = {isa = PBXFileReference; fileEncoding = 4; lastKnownFileType = sourcecode.c.objc; path = SKAMiniMap.m; sourceTree = "<group>"; };
		B67B1CE61B195EFF008FA53B /* SKACroppedMiniMap.h */ = {isa = PBXFileReference; fileEncoding = 4; lastKnownFileType = sourcecode.c.h; path = SKACroppedMiniMap.h; sourceTree = "<group>"; };
		B67B1CE71B195EFF008FA53B /* SKACroppedMiniMap.m */ = {isa = PBXFileReference; fileEncoding = 4; lastKnownFileType = sourcecode.c.objc; path = SKACroppedMiniMap.m; sourceTree = "<group>"; };
		B6C751101B13912100455CA6 /* SKAButtonSprite.h */ = {isa = PBXFileReference; fileEncoding = 4; lastKnownFileType = sourcecode.c.h; path = SKAButtonSprite.h; sourceTree = "<group>"; };
		B6C751111B13912100455CA6 /* SKAButtonSprite.m */ = {isa = PBXFileReference; fileEncoding = 4; lastKnownFileType = sourcecode.c.objc; path = SKAButtonSprite.m; sourceTree = "<group>"; };
		B6C7511E1B13912100455CA6 /* SKATestHud.h */ = {isa = PBXFileReference; fileEncoding = 4; lastKnownFileType = sourcecode.c.h; path = SKATestHud.h; sourceTree = "<group>"; };
		B6C7511F1B13912100455CA6 /* SKATestHud.m */ = {isa = PBXFileReference; fileEncoding = 4; lastKnownFileType = sourcecode.c.objc; path = SKATestHud.m; sourceTree = "<group>"; };
		B6C751201B13912100455CA6 /* SKATestPlayer.h */ = {isa = PBXFileReference; fileEncoding = 4; lastKnownFileType = sourcecode.c.h; path = SKATestPlayer.h; sourceTree = "<group>"; };
		B6C751211B13912100455CA6 /* SKATestPlayer.m */ = {isa = PBXFileReference; fileEncoding = 4; lastKnownFileType = sourcecode.c.objc; path = SKATestPlayer.m; sourceTree = "<group>"; };
		F461257A1B30EA2700352D7C /* libz.1.2.5.dylib */ = {isa = PBXFileReference; lastKnownFileType = "compiled.mach-o.dylib"; name = libz.1.2.5.dylib; path = usr/lib/libz.1.2.5.dylib; sourceTree = SDKROOT; };
		F4BAA56E1B4DB8FF00B2D4A8 /* CollisionDefine.m */ = {isa = PBXFileReference; fileEncoding = 4; lastKnownFileType = sourcecode.c.objc; name = CollisionDefine.m; path = SKATiledMap/CollisionDefine.m; sourceTree = "<group>"; };
/* End PBXFileReference section */

/* Begin PBXFrameworksBuildPhase section */
		B63D27BE1AF6C17800E7F043 /* Frameworks */ = {
			isa = PBXFrameworksBuildPhase;
			buildActionMask = 2147483647;
			files = (
				F461257B1B30EA2700352D7C /* libz.1.2.5.dylib in Frameworks */,
			);
			runOnlyForDeploymentPostprocessing = 0;
		};
/* End PBXFrameworksBuildPhase section */

/* Begin PBXGroup section */
		B60431FA1B13959000563651 /* SKATiledMap */ = {
			isa = PBXGroup;
			children = (
				B6578C481B36239E0049A82E /* CollisionDefine.h */,
				F4BAA56E1B4DB8FF00B2D4A8 /* CollisionDefine.m */,
				B6578C571B36239E0049A82E /* SKATiledMap.h */,
				B6578C581B36239E0049A82E /* SKATiledMap.m */,
				B6578C551B36239E0049A82E /* SKASpriteLayer.h */,
				B6578C561B36239E0049A82E /* SKASpriteLayer.m */,
				B6578C531B36239E0049A82E /* SKASprite.h */,
				B6578C541B36239E0049A82E /* SKASprite.m */,
				B6578C511B36239E0049A82E /* SKAObjectLayer.h */,
				B6578C521B36239E0049A82E /* SKAObjectLayer.m */,
				B6578C4F1B36239E0049A82E /* SKAObject.h */,
				B6578C501B36239E0049A82E /* SKAObject.m */,
				B6578C4D1B36239E0049A82E /* SKAMapTile.h */,
				B6578C4E1B36239E0049A82E /* SKAMapTile.m */,
				B6578C591B36239E0049A82E /* SKATMXParser.h */,
				B6578C5A1B36239E0049A82E /* SKATMXParser.m */,
				B6578C491B36239E0049A82E /* LFCGzipUtility.h */,
				B6578C4A1B36239E0049A82E /* LFCGzipUtility.m */,
				B6578C4B1B36239E0049A82E /* NSMutableDictionary+SKATMXParserUtils.h */,
				B6578C4C1B36239E0049A82E /* NSMutableDictionary+SKATMXParserUtils.m */,
			);
			name = SKATiledMap;
			sourceTree = "<group>";
		};
		B60431FB1B1395B900563651 /* SKATestHud */ = {
			isa = PBXGroup;
			children = (
				B6C7511E1B13912100455CA6 /* SKATestHud.h */,
				B6C7511F1B13912100455CA6 /* SKATestHud.m */,
			);
			name = SKATestHud;
			sourceTree = "<group>";
		};
		B60431FC1B1395CB00563651 /* SKAButtonSprite */ = {
			isa = PBXGroup;
			children = (
				B6C751101B13912100455CA6 /* SKAButtonSprite.h */,
				B6C751111B13912100455CA6 /* SKAButtonSprite.m */,
			);
			name = SKAButtonSprite;
			sourceTree = "<group>";
		};
		B60431FD1B1395D700563651 /* SKATestPlayer */ = {
			isa = PBXGroup;
			children = (
				B6C751201B13912100455CA6 /* SKATestPlayer.h */,
				B6C751211B13912100455CA6 /* SKATestPlayer.m */,
			);
			name = SKATestPlayer;
			sourceTree = "<group>";
		};
		B63D27B81AF6C17800E7F043 = {
			isa = PBXGroup;
			children = (
				F461257A1B30EA2700352D7C /* libz.1.2.5.dylib */,
				B63D27C31AF6C17800E7F043 /* SKAToolKitExample */,
				B63D27C21AF6C17800E7F043 /* Products */,
			);
			sourceTree = "<group>";
		};
		B63D27C21AF6C17800E7F043 /* Products */ = {
			isa = PBXGroup;
			children = (
				B63D27C11AF6C17800E7F043 /* SKAToolKitExample.app */,
			);
			name = Products;
			sourceTree = "<group>";
		};
		B63D27C31AF6C17800E7F043 /* SKAToolKitExample */ = {
			isa = PBXGroup;
			children = (
				B6C7510E1B13907100455CA6 /* SKAToolKit */,
				B67A57CC1B10BD1700395E70 /* Tiled Sample Map */,
				B63D29DE1AF6F50600E7F043 /* GameScene.h */,
				B63D29DF1AF6F50600E7F043 /* GameScene.m */,
				B63D27CB1AF6C17800E7F043 /* ViewController.h */,
				B63D27CC1AF6C17800E7F043 /* ViewController.m */,
				B63D27CE1AF6C17800E7F043 /* Main.storyboard */,
				B63D27D11AF6C17800E7F043 /* Images.xcassets */,
				B63D27D31AF6C17800E7F043 /* LaunchScreen.xib */,
				B63D27C41AF6C17800E7F043 /* Supporting Files */,
			);
			path = SKAToolKitExample;
			sourceTree = "<group>";
		};
		B63D27C41AF6C17800E7F043 /* Supporting Files */ = {
			isa = PBXGroup;
			children = (
				B63D27C81AF6C17800E7F043 /* AppDelegate.h */,
				B63D27C91AF6C17800E7F043 /* AppDelegate.m */,
				B63D27C51AF6C17800E7F043 /* Info.plist */,
				B63D27C61AF6C17800E7F043 /* main.m */,
			);
			name = "Supporting Files";
			sourceTree = "<group>";
		};
		B67A57CC1B10BD1700395E70 /* Tiled Sample Map */ = {
			isa = PBXGroup;
			children = (
				B67A57CD1B10BD1700395E70 /* Backgrounds.tps */,
				B67A57CE1B10BD1700395E70 /* Items.tps */,
				B67A57CF1B10BD1700395E70 /* Platforms.tps */,
				B67A57D01B10BD1700395E70 /* SampleMap0.json */,
				B67A57D11B10BD1700395E70 /* SampleMap0.tmx */,
				B67A57D21B10BD1700395E70 /* spritesheets */,
				B67A57D91B10BD1700395E70 /* Structural.tps */,
				B67A57DA1B10BD1700395E70 /* Tiles.tps */,
				B67A57DB1B10BD1700395E70 /* Walls.tps */,
			);
			name = "Tiled Sample Map";
			path = Tiled;
			sourceTree = "<group>";
		};
		B67A57D21B10BD1700395E70 /* spritesheets */ = {
			isa = PBXGroup;
			children = (
				B67A57D31B10BD1700395E70 /* Backgrounds.1.png */,
				B67A57D41B10BD1700395E70 /* Items.1.png */,
				B67A57D51B10BD1700395E70 /* Platforms.1.png */,
				B67A57D61B10BD1700395E70 /* Structural.1.png */,
				B67A57D71B10BD1700395E70 /* Tiles.1.png */,
				B67A57D81B10BD1700395E70 /* Walls.1.png */,
			);
			path = spritesheets;
			sourceTree = "<group>";
		};
		B6C7510E1B13907100455CA6 /* SKAToolKit */ = {
			isa = PBXGroup;
			children = (
				B67B1CE31B195B0E008FA53B /* SKAMiniMap.h */,
				B67B1CE41B195B0E008FA53B /* SKAMiniMap.m */,
				B67B1CE61B195EFF008FA53B /* SKACroppedMiniMap.h */,
				B67B1CE71B195EFF008FA53B /* SKACroppedMiniMap.m */,
				B60431FA1B13959000563651 /* SKATiledMap */,
				B60431FB1B1395B900563651 /* SKATestHud */,
				B60431FC1B1395CB00563651 /* SKAButtonSprite */,
				B60431FD1B1395D700563651 /* SKATestPlayer */,
			);
			name = SKAToolKit;
			sourceTree = "<group>";
		};
/* End PBXGroup section */

/* Begin PBXNativeTarget section */
		B63D27C01AF6C17800E7F043 /* SKAToolKitExample */ = {
			isa = PBXNativeTarget;
			buildConfigurationList = B63D27E41AF6C17800E7F043 /* Build configuration list for PBXNativeTarget "SKAToolKitExample" */;
			buildPhases = (
				B63D27BD1AF6C17800E7F043 /* Sources */,
				B63D27BE1AF6C17800E7F043 /* Frameworks */,
				B63D27BF1AF6C17800E7F043 /* Resources */,
				B67A58611B125BBB00395E70 /* Embed Frameworks */,
			);
			buildRules = (
			);
			dependencies = (
			);
			name = SKAToolKitExample;
			productName = SKATMXParser;
			productReference = B63D27C11AF6C17800E7F043 /* SKAToolKitExample.app */;
			productType = "com.apple.product-type.application";
		};
/* End PBXNativeTarget section */

/* Begin PBXProject section */
		B63D27B91AF6C17800E7F043 /* Project object */ = {
			isa = PBXProject;
			attributes = {
				LastUpgradeCheck = 0630;
				ORGANIZATIONNAME = "Sprite Kit Alliance";
				TargetAttributes = {
					B63D27C01AF6C17800E7F043 = {
						CreatedOnToolsVersion = 6.3.1;
					};
				};
			};
			buildConfigurationList = B63D27BC1AF6C17800E7F043 /* Build configuration list for PBXProject "SKAToolKitExample" */;
			compatibilityVersion = "Xcode 3.2";
			developmentRegion = English;
			hasScannedForEncodings = 0;
			knownRegions = (
				en,
				Base,
			);
			mainGroup = B63D27B81AF6C17800E7F043;
			productRefGroup = B63D27C21AF6C17800E7F043 /* Products */;
			projectDirPath = "";
			projectRoot = "";
			targets = (
				B63D27C01AF6C17800E7F043 /* SKAToolKitExample */,
			);
		};
/* End PBXProject section */

/* Begin PBXResourcesBuildPhase section */
		B63D27BF1AF6C17800E7F043 /* Resources */ = {
			isa = PBXResourcesBuildPhase;
			buildActionMask = 2147483647;
			files = (
				B67A57E31B10BD1700395E70 /* Platforms.1.png in Resources */,
				B63D27D01AF6C17800E7F043 /* Main.storyboard in Resources */,
				B63D27D51AF6C17800E7F043 /* LaunchScreen.xib in Resources */,
				B67A57E41B10BD1700395E70 /* Structural.1.png in Resources */,
				B67A57DE1B10BD1700395E70 /* Platforms.tps in Resources */,
				B63D27D21AF6C17800E7F043 /* Images.xcassets in Resources */,
				B67A57E51B10BD1700395E70 /* Tiles.1.png in Resources */,
				B67A57E71B10BD1700395E70 /* Structural.tps in Resources */,
				B67A57E11B10BD1700395E70 /* Backgrounds.1.png in Resources */,
				B67A57E61B10BD1700395E70 /* Walls.1.png in Resources */,
				B67A57E21B10BD1700395E70 /* Items.1.png in Resources */,
				B67A57DF1B10BD1700395E70 /* SampleMap0.json in Resources */,
				B67A57E01B10BD1700395E70 /* SampleMap0.tmx in Resources */,
				B67A57DC1B10BD1700395E70 /* Backgrounds.tps in Resources */,
				B67A57DD1B10BD1700395E70 /* Items.tps in Resources */,
				B67A57E91B10BD1700395E70 /* Walls.tps in Resources */,
				B67A57E81B10BD1700395E70 /* Tiles.tps in Resources */,
			);
			runOnlyForDeploymentPostprocessing = 0;
		};
/* End PBXResourcesBuildPhase section */

/* Begin PBXSourcesBuildPhase section */
		B63D27BD1AF6C17800E7F043 /* Sources */ = {
			isa = PBXSourcesBuildPhase;
			buildActionMask = 2147483647;
			files = (
				B6578C5F1B36239E0049A82E /* SKAObjectLayer.m in Sources */,
				B6C751251B13912100455CA6 /* SKAButtonSprite.m in Sources */,
				B63D27CD1AF6C17800E7F043 /* ViewController.m in Sources */,
				B6578C5D1B36239E0049A82E /* SKAMapTile.m in Sources */,
				B63D27CA1AF6C17800E7F043 /* AppDelegate.m in Sources */,
				B6C7512C1B13912100455CA6 /* SKATestHud.m in Sources */,
				B63D29E01AF6F50600E7F043 /* GameScene.m in Sources */,
				F4BAA56F1B4DB8FF00B2D4A8 /* CollisionDefine.m in Sources */,
				B67B1CE81B195EFF008FA53B /* SKACroppedMiniMap.m in Sources */,
				B6578C631B36239E0049A82E /* SKATMXParser.m in Sources */,
				B6578C5B1B36239E0049A82E /* LFCGzipUtility.m in Sources */,
				B6C7512D1B13912100455CA6 /* SKATestPlayer.m in Sources */,
				B63D27C71AF6C17800E7F043 /* main.m in Sources */,
				B6578C601B36239E0049A82E /* SKASprite.m in Sources */,
				B6578C5E1B36239E0049A82E /* SKAObject.m in Sources */,
				B6578C621B36239E0049A82E /* SKATiledMap.m in Sources */,
				B6578C5C1B36239E0049A82E /* NSMutableDictionary+SKATMXParserUtils.m in Sources */,
				B6578C611B36239E0049A82E /* SKASpriteLayer.m in Sources */,
				B67B1CE51B195B0E008FA53B /* SKAMiniMap.m in Sources */,
			);
			runOnlyForDeploymentPostprocessing = 0;
		};
/* End PBXSourcesBuildPhase section */

/* Begin PBXVariantGroup section */
		B63D27CE1AF6C17800E7F043 /* Main.storyboard */ = {
			isa = PBXVariantGroup;
			children = (
				B63D27CF1AF6C17800E7F043 /* Base */,
			);
			name = Main.storyboard;
			sourceTree = "<group>";
		};
		B63D27D31AF6C17800E7F043 /* LaunchScreen.xib */ = {
			isa = PBXVariantGroup;
			children = (
				B63D27D41AF6C17800E7F043 /* Base */,
			);
			name = LaunchScreen.xib;
			sourceTree = "<group>";
		};
/* End PBXVariantGroup section */

/* Begin XCBuildConfiguration section */
		B63D27E21AF6C17800E7F043 /* Debug */ = {
			isa = XCBuildConfiguration;
			buildSettings = {
				ALWAYS_SEARCH_USER_PATHS = NO;
				CLANG_CXX_LANGUAGE_STANDARD = "gnu++0x";
				CLANG_CXX_LIBRARY = "libc++";
				CLANG_ENABLE_MODULES = YES;
				CLANG_ENABLE_OBJC_ARC = YES;
				CLANG_WARN_BOOL_CONVERSION = YES;
				CLANG_WARN_CONSTANT_CONVERSION = YES;
				CLANG_WARN_DIRECT_OBJC_ISA_USAGE = YES_ERROR;
				CLANG_WARN_EMPTY_BODY = YES;
				CLANG_WARN_ENUM_CONVERSION = YES;
				CLANG_WARN_INT_CONVERSION = YES;
				CLANG_WARN_OBJC_ROOT_CLASS = YES_ERROR;
				CLANG_WARN_UNREACHABLE_CODE = YES;
				CLANG_WARN__DUPLICATE_METHOD_MATCH = YES;
				"CODE_SIGN_IDENTITY[sdk=iphoneos*]" = "iPhone Developer";
				COPY_PHASE_STRIP = NO;
				DEBUG_INFORMATION_FORMAT = "dwarf-with-dsym";
				ENABLE_STRICT_OBJC_MSGSEND = YES;
				GCC_C_LANGUAGE_STANDARD = gnu99;
				GCC_DYNAMIC_NO_PIC = NO;
				GCC_NO_COMMON_BLOCKS = YES;
				GCC_OPTIMIZATION_LEVEL = 0;
				GCC_PREPROCESSOR_DEFINITIONS = (
					"DEBUG=1",
					"$(inherited)",
				);
				GCC_SYMBOLS_PRIVATE_EXTERN = NO;
				GCC_WARN_64_TO_32_BIT_CONVERSION = YES;
				GCC_WARN_ABOUT_RETURN_TYPE = YES_ERROR;
				GCC_WARN_UNDECLARED_SELECTOR = YES;
				GCC_WARN_UNINITIALIZED_AUTOS = YES_AGGRESSIVE;
				GCC_WARN_UNUSED_FUNCTION = YES;
				GCC_WARN_UNUSED_VARIABLE = YES;
				IPHONEOS_DEPLOYMENT_TARGET = 8.3;
				MTL_ENABLE_DEBUG_INFO = YES;
				ONLY_ACTIVE_ARCH = YES;
				SDKROOT = iphoneos;
			};
			name = Debug;
		};
		B63D27E31AF6C17800E7F043 /* Release */ = {
			isa = XCBuildConfiguration;
			buildSettings = {
				ALWAYS_SEARCH_USER_PATHS = NO;
				CLANG_CXX_LANGUAGE_STANDARD = "gnu++0x";
				CLANG_CXX_LIBRARY = "libc++";
				CLANG_ENABLE_MODULES = YES;
				CLANG_ENABLE_OBJC_ARC = YES;
				CLANG_WARN_BOOL_CONVERSION = YES;
				CLANG_WARN_CONSTANT_CONVERSION = YES;
				CLANG_WARN_DIRECT_OBJC_ISA_USAGE = YES_ERROR;
				CLANG_WARN_EMPTY_BODY = YES;
				CLANG_WARN_ENUM_CONVERSION = YES;
				CLANG_WARN_INT_CONVERSION = YES;
				CLANG_WARN_OBJC_ROOT_CLASS = YES_ERROR;
				CLANG_WARN_UNREACHABLE_CODE = YES;
				CLANG_WARN__DUPLICATE_METHOD_MATCH = YES;
				"CODE_SIGN_IDENTITY[sdk=iphoneos*]" = "iPhone Developer";
				COPY_PHASE_STRIP = NO;
				DEBUG_INFORMATION_FORMAT = "dwarf-with-dsym";
				ENABLE_NS_ASSERTIONS = NO;
				ENABLE_STRICT_OBJC_MSGSEND = YES;
				GCC_C_LANGUAGE_STANDARD = gnu99;
				GCC_NO_COMMON_BLOCKS = YES;
				GCC_WARN_64_TO_32_BIT_CONVERSION = YES;
				GCC_WARN_ABOUT_RETURN_TYPE = YES_ERROR;
				GCC_WARN_UNDECLARED_SELECTOR = YES;
				GCC_WARN_UNINITIALIZED_AUTOS = YES_AGGRESSIVE;
				GCC_WARN_UNUSED_FUNCTION = YES;
				GCC_WARN_UNUSED_VARIABLE = YES;
				IPHONEOS_DEPLOYMENT_TARGET = 8.3;
				MTL_ENABLE_DEBUG_INFO = NO;
				SDKROOT = iphoneos;
				VALIDATE_PRODUCT = YES;
			};
			name = Release;
		};
		B63D27E51AF6C17800E7F043 /* Debug */ = {
			isa = XCBuildConfiguration;
			buildSettings = {
				ASSETCATALOG_COMPILER_APPICON_NAME = AppIcon;
				FRAMEWORK_SEARCH_PATHS = "$(inherited)";
				INFOPLIST_FILE = SKAToolKitExample/Info.plist;
				LD_RUNPATH_SEARCH_PATHS = "$(inherited) @executable_path/Frameworks";
				PRODUCT_NAME = SKAToolKitExample;
			};
			name = Debug;
		};
		B63D27E61AF6C17800E7F043 /* Release */ = {
			isa = XCBuildConfiguration;
			buildSettings = {
				ASSETCATALOG_COMPILER_APPICON_NAME = AppIcon;
				FRAMEWORK_SEARCH_PATHS = "$(inherited)";
				INFOPLIST_FILE = SKAToolKitExample/Info.plist;
				LD_RUNPATH_SEARCH_PATHS = "$(inherited) @executable_path/Frameworks";
				PRODUCT_NAME = SKAToolKitExample;
			};
			name = Release;
		};
/* End XCBuildConfiguration section */

/* Begin XCConfigurationList section */
		B63D27BC1AF6C17800E7F043 /* Build configuration list for PBXProject "SKAToolKitExample" */ = {
			isa = XCConfigurationList;
			buildConfigurations = (
				B63D27E21AF6C17800E7F043 /* Debug */,
				B63D27E31AF6C17800E7F043 /* Release */,
			);
			defaultConfigurationIsVisible = 0;
			defaultConfigurationName = Release;
		};
		B63D27E41AF6C17800E7F043 /* Build configuration list for PBXNativeTarget "SKAToolKitExample" */ = {
			isa = XCConfigurationList;
			buildConfigurations = (
				B63D27E51AF6C17800E7F043 /* Debug */,
				B63D27E61AF6C17800E7F043 /* Release */,
			);
			defaultConfigurationIsVisible = 0;
			defaultConfigurationName = Release;
		};
/* End XCConfigurationList section */
	};
	rootObject = B63D27B91AF6C17800E7F043 /* Project object */;
}
