// !$*UTF8*$!
{
	archiveVersion = 1;
	classes = {
	};
	objectVersion = 46;
	objects = {

/* Begin PBXBuildFile section */
		732934CF1BCC6212000A2F86 /* SKAProgressNode.m in Sources */ = {isa = PBXBuildFile; fileRef = 732934CE1BCC6212000A2F86 /* SKAProgressNode.m */; };
		B63D27C71AF6C17800E7F043 /* main.m in Sources */ = {isa = PBXBuildFile; fileRef = B63D27C61AF6C17800E7F043 /* main.m */; };
		B63D27CA1AF6C17800E7F043 /* AppDelegate.m in Sources */ = {isa = PBXBuildFile; fileRef = B63D27C91AF6C17800E7F043 /* AppDelegate.m */; };
		B63D27CD1AF6C17800E7F043 /* ViewController.m in Sources */ = {isa = PBXBuildFile; fileRef = B63D27CC1AF6C17800E7F043 /* ViewController.m */; };
		B63D27D21AF6C17800E7F043 /* Images.xcassets in Resources */ = {isa = PBXBuildFile; fileRef = B63D27D11AF6C17800E7F043 /* Images.xcassets */; };
		B63D27D51AF6C17800E7F043 /* LaunchScreen.xib in Resources */ = {isa = PBXBuildFile; fileRef = B63D27D31AF6C17800E7F043 /* LaunchScreen.xib */; };
		B63D29E01AF6F50600E7F043 /* GameScene.m in Sources */ = {isa = PBXBuildFile; fileRef = B63D29DF1AF6F50600E7F043 /* GameScene.m */; };
		B643FA581B5F354A00621A87 /* SKAButtonSprite.m in Sources */ = {isa = PBXBuildFile; fileRef = B643FA571B5F354A00621A87 /* SKAButtonSprite.m */; };
		B643FA711B5F35F100621A87 /* NSMutableDictionary+SKATMXParserUtils.m in Sources */ = {isa = PBXBuildFile; fileRef = B643FA5D1B5F35F100621A87 /* NSMutableDictionary+SKATMXParserUtils.m */; };
		B643FA721B5F35F100621A87 /* SKACollisionDefine.m in Sources */ = {isa = PBXBuildFile; fileRef = B643FA5F1B5F35F100621A87 /* SKACollisionDefine.m */; };
		B643FA731B5F35F100621A87 /* SKAObject.m in Sources */ = {isa = PBXBuildFile; fileRef = B643FA611B5F35F100621A87 /* SKAObject.m */; };
		B643FA741B5F35F100621A87 /* SKAObjectLayer.m in Sources */ = {isa = PBXBuildFile; fileRef = B643FA631B5F35F100621A87 /* SKAObjectLayer.m */; };
		B643FA751B5F35F100621A87 /* SKASprite.m in Sources */ = {isa = PBXBuildFile; fileRef = B643FA651B5F35F100621A87 /* SKASprite.m */; };
		B643FA761B5F35F100621A87 /* SKASpriteLayer.m in Sources */ = {isa = PBXBuildFile; fileRef = B643FA671B5F35F100621A87 /* SKASpriteLayer.m */; };
		B643FA771B5F35F100621A87 /* SKATiledMap.m in Sources */ = {isa = PBXBuildFile; fileRef = B643FA691B5F35F100621A87 /* SKATiledMap.m */; };
		B643FA781B5F35F100621A87 /* LFCGzipUtility.m in Sources */ = {isa = PBXBuildFile; fileRef = B643FA6C1B5F35F100621A87 /* LFCGzipUtility.m */; };
		B643FA791B5F35F100621A87 /* SKAMapTile.m in Sources */ = {isa = PBXBuildFile; fileRef = B643FA6E1B5F35F100621A87 /* SKAMapTile.m */; };
		B643FA7A1B5F35F100621A87 /* SKATMXParser.m in Sources */ = {isa = PBXBuildFile; fileRef = B643FA701B5F35F100621A87 /* SKATMXParser.m */; };
		B643FA801B5F370200621A87 /* SKATestHud.m in Sources */ = {isa = PBXBuildFile; fileRef = B643FA7D1B5F370200621A87 /* SKATestHud.m */; };
		B643FA811B5F370200621A87 /* SKATestPlayer.m in Sources */ = {isa = PBXBuildFile; fileRef = B643FA7F1B5F370200621A87 /* SKATestPlayer.m */; };
		B643FA851B5FC1B800621A87 /* platforms.atlas in Resources */ = {isa = PBXBuildFile; fileRef = B643FA821B5FC1B800621A87 /* platforms.atlas */; };
		B643FA861B5FC1B800621A87 /* misc.atlas in Resources */ = {isa = PBXBuildFile; fileRef = B643FA831B5FC1B800621A87 /* misc.atlas */; };
		B643FA871B5FC1B800621A87 /* items.atlas in Resources */ = {isa = PBXBuildFile; fileRef = B643FA841B5FC1B800621A87 /* items.atlas */; };
		B643FA891B5FC1CC00621A87 /* SampleMapKenny.tmx in Resources */ = {isa = PBXBuildFile; fileRef = B643FA881B5FC1CC00621A87 /* SampleMapKenny.tmx */; };
		B6883C181B67A9C200056809 /* bg.png in Resources */ = {isa = PBXBuildFile; fileRef = B6883C171B67A9C200056809 /* bg.png */; };
		B6EBB2A01B5EB9FD00A17D18 /* SKACroppedMiniMap.m in Sources */ = {isa = PBXBuildFile; fileRef = B6EBB29F1B5EB9FD00A17D18 /* SKACroppedMiniMap.m */; };
		B6EBB2AD1B5EBA8300A17D18 /* SKAMiniMap.m in Sources */ = {isa = PBXBuildFile; fileRef = B6EBB2AC1B5EBA8300A17D18 /* SKAMiniMap.m */; };
		B6F24CEB1B8955FB00577DB5 /* SKALabelNode.m in Sources */ = {isa = PBXBuildFile; fileRef = B6F24CEA1B8955FB00577DB5 /* SKALabelNode.m */; };
		F461257B1B30EA2700352D7C /* libz.1.2.5.dylib in Frameworks */ = {isa = PBXBuildFile; fileRef = F461257A1B30EA2700352D7C /* libz.1.2.5.dylib */; };
/* End PBXBuildFile section */

/* Begin PBXCopyFilesBuildPhase section */
		B67A58611B125BBB00395E70 /* Embed Frameworks */ = {
			isa = PBXCopyFilesBuildPhase;
			buildActionMask = 2147483647;
			dstPath = "";
			dstSubfolderSpec = 10;
			files = (
			);
			name = "Embed Frameworks";
			runOnlyForDeploymentPostprocessing = 0;
		};
/* End PBXCopyFilesBuildPhase section */

/* Begin PBXFileReference section */
		732934CD1BCC6212000A2F86 /* SKAProgressNode.h */ = {isa = PBXFileReference; fileEncoding = 4; lastKnownFileType = sourcecode.c.h; name = SKAProgressNode.h; path = ../../SKAToolKit/SKAProgressNode/SKAProgressNode.h; sourceTree = "<group>"; };
		732934CE1BCC6212000A2F86 /* SKAProgressNode.m */ = {isa = PBXFileReference; fileEncoding = 4; lastKnownFileType = sourcecode.c.objc; name = SKAProgressNode.m; path = ../../SKAToolKit/SKAProgressNode/SKAProgressNode.m; sourceTree = "<group>"; };
		B63D27C11AF6C17800E7F043 /* SKAToolKitExample.app */ = {isa = PBXFileReference; explicitFileType = wrapper.application; includeInIndex = 0; path = SKAToolKitExample.app; sourceTree = BUILT_PRODUCTS_DIR; };
		B63D27C51AF6C17800E7F043 /* Info.plist */ = {isa = PBXFileReference; lastKnownFileType = text.plist.xml; path = Info.plist; sourceTree = "<group>"; };
		B63D27C61AF6C17800E7F043 /* main.m */ = {isa = PBXFileReference; lastKnownFileType = sourcecode.c.objc; path = main.m; sourceTree = "<group>"; };
		B63D27C81AF6C17800E7F043 /* AppDelegate.h */ = {isa = PBXFileReference; lastKnownFileType = sourcecode.c.h; path = AppDelegate.h; sourceTree = "<group>"; };
		B63D27C91AF6C17800E7F043 /* AppDelegate.m */ = {isa = PBXFileReference; lastKnownFileType = sourcecode.c.objc; path = AppDelegate.m; sourceTree = "<group>"; };
		B63D27CB1AF6C17800E7F043 /* ViewController.h */ = {isa = PBXFileReference; lastKnownFileType = sourcecode.c.h; name = ViewController.h; path = Controllers/ViewController.h; sourceTree = "<group>"; };
		B63D27CC1AF6C17800E7F043 /* ViewController.m */ = {isa = PBXFileReference; lastKnownFileType = sourcecode.c.objc; name = ViewController.m; path = Controllers/ViewController.m; sourceTree = "<group>"; };
		B63D27D11AF6C17800E7F043 /* Images.xcassets */ = {isa = PBXFileReference; lastKnownFileType = folder.assetcatalog; path = Images.xcassets; sourceTree = "<group>"; };
		B63D27D41AF6C17800E7F043 /* Base */ = {isa = PBXFileReference; lastKnownFileType = file.xib; name = Base; path = Base.lproj/LaunchScreen.xib; sourceTree = "<group>"; };
		B63D29DE1AF6F50600E7F043 /* GameScene.h */ = {isa = PBXFileReference; fileEncoding = 4; lastKnownFileType = sourcecode.c.h; name = GameScene.h; path = Scenes/GameScene.h; sourceTree = "<group>"; };
		B63D29DF1AF6F50600E7F043 /* GameScene.m */ = {isa = PBXFileReference; fileEncoding = 4; lastKnownFileType = sourcecode.c.objc; name = GameScene.m; path = Scenes/GameScene.m; sourceTree = "<group>"; };
		B643FA561B5F354A00621A87 /* SKAButtonSprite.h */ = {isa = PBXFileReference; fileEncoding = 4; lastKnownFileType = sourcecode.c.h; name = SKAButtonSprite.h; path = ../../SKAToolKit/SKAButton/SKAButtonSprite.h; sourceTree = "<group>"; };
		B643FA571B5F354A00621A87 /* SKAButtonSprite.m */ = {isa = PBXFileReference; fileEncoding = 4; lastKnownFileType = sourcecode.c.objc; name = SKAButtonSprite.m; path = ../../SKAToolKit/SKAButton/SKAButtonSprite.m; sourceTree = "<group>"; };
		B643FA5C1B5F35F100621A87 /* NSMutableDictionary+SKATMXParserUtils.h */ = {isa = PBXFileReference; fileEncoding = 4; lastKnownFileType = sourcecode.c.h; path = "NSMutableDictionary+SKATMXParserUtils.h"; sourceTree = "<group>"; };
		B643FA5D1B5F35F100621A87 /* NSMutableDictionary+SKATMXParserUtils.m */ = {isa = PBXFileReference; fileEncoding = 4; lastKnownFileType = sourcecode.c.objc; path = "NSMutableDictionary+SKATMXParserUtils.m"; sourceTree = "<group>"; };
		B643FA5E1B5F35F100621A87 /* SKACollisionDefine.h */ = {isa = PBXFileReference; fileEncoding = 4; lastKnownFileType = sourcecode.c.h; name = SKACollisionDefine.h; path = ../../SKAToolKit/SKATiledMap/SKACollisionDefine.h; sourceTree = "<group>"; };
		B643FA5F1B5F35F100621A87 /* SKACollisionDefine.m */ = {isa = PBXFileReference; fileEncoding = 4; lastKnownFileType = sourcecode.c.objc; name = SKACollisionDefine.m; path = ../../SKAToolKit/SKATiledMap/SKACollisionDefine.m; sourceTree = "<group>"; };
		B643FA601B5F35F100621A87 /* SKAObject.h */ = {isa = PBXFileReference; fileEncoding = 4; lastKnownFileType = sourcecode.c.h; name = SKAObject.h; path = ../../SKAToolKit/SKATiledMap/SKAObject.h; sourceTree = "<group>"; };
		B643FA611B5F35F100621A87 /* SKAObject.m */ = {isa = PBXFileReference; fileEncoding = 4; lastKnownFileType = sourcecode.c.objc; name = SKAObject.m; path = ../../SKAToolKit/SKATiledMap/SKAObject.m; sourceTree = "<group>"; };
		B643FA621B5F35F100621A87 /* SKAObjectLayer.h */ = {isa = PBXFileReference; fileEncoding = 4; lastKnownFileType = sourcecode.c.h; name = SKAObjectLayer.h; path = ../../SKAToolKit/SKATiledMap/SKAObjectLayer.h; sourceTree = "<group>"; };
		B643FA631B5F35F100621A87 /* SKAObjectLayer.m */ = {isa = PBXFileReference; fileEncoding = 4; lastKnownFileType = sourcecode.c.objc; name = SKAObjectLayer.m; path = ../../SKAToolKit/SKATiledMap/SKAObjectLayer.m; sourceTree = "<group>"; };
		B643FA641B5F35F100621A87 /* SKASprite.h */ = {isa = PBXFileReference; fileEncoding = 4; lastKnownFileType = sourcecode.c.h; name = SKASprite.h; path = ../../SKAToolKit/SKATiledMap/SKASprite.h; sourceTree = "<group>"; };
		B643FA651B5F35F100621A87 /* SKASprite.m */ = {isa = PBXFileReference; fileEncoding = 4; lastKnownFileType = sourcecode.c.objc; name = SKASprite.m; path = ../../SKAToolKit/SKATiledMap/SKASprite.m; sourceTree = "<group>"; };
		B643FA661B5F35F100621A87 /* SKASpriteLayer.h */ = {isa = PBXFileReference; fileEncoding = 4; lastKnownFileType = sourcecode.c.h; name = SKASpriteLayer.h; path = ../../SKAToolKit/SKATiledMap/SKASpriteLayer.h; sourceTree = "<group>"; };
		B643FA671B5F35F100621A87 /* SKASpriteLayer.m */ = {isa = PBXFileReference; fileEncoding = 4; lastKnownFileType = sourcecode.c.objc; name = SKASpriteLayer.m; path = ../../SKAToolKit/SKATiledMap/SKASpriteLayer.m; sourceTree = "<group>"; };
		B643FA681B5F35F100621A87 /* SKATiledMap.h */ = {isa = PBXFileReference; fileEncoding = 4; lastKnownFileType = sourcecode.c.h; name = SKATiledMap.h; path = ../../SKAToolKit/SKATiledMap/SKATiledMap.h; sourceTree = "<group>"; };
		B643FA691B5F35F100621A87 /* SKATiledMap.m */ = {isa = PBXFileReference; fileEncoding = 4; lastKnownFileType = sourcecode.c.objc; name = SKATiledMap.m; path = ../../SKAToolKit/SKATiledMap/SKATiledMap.m; sourceTree = "<group>"; };
		B643FA6B1B5F35F100621A87 /* LFCGzipUtility.h */ = {isa = PBXFileReference; fileEncoding = 4; lastKnownFileType = sourcecode.c.h; path = LFCGzipUtility.h; sourceTree = "<group>"; };
		B643FA6C1B5F35F100621A87 /* LFCGzipUtility.m */ = {isa = PBXFileReference; fileEncoding = 4; lastKnownFileType = sourcecode.c.objc; path = LFCGzipUtility.m; sourceTree = "<group>"; };
		B643FA6D1B5F35F100621A87 /* SKAMapTile.h */ = {isa = PBXFileReference; fileEncoding = 4; lastKnownFileType = sourcecode.c.h; path = SKAMapTile.h; sourceTree = "<group>"; };
		B643FA6E1B5F35F100621A87 /* SKAMapTile.m */ = {isa = PBXFileReference; fileEncoding = 4; lastKnownFileType = sourcecode.c.objc; path = SKAMapTile.m; sourceTree = "<group>"; };
		B643FA6F1B5F35F100621A87 /* SKATMXParser.h */ = {isa = PBXFileReference; fileEncoding = 4; lastKnownFileType = sourcecode.c.h; path = SKATMXParser.h; sourceTree = "<group>"; };
		B643FA701B5F35F100621A87 /* SKATMXParser.m */ = {isa = PBXFileReference; fileEncoding = 4; lastKnownFileType = sourcecode.c.objc; path = SKATMXParser.m; sourceTree = "<group>"; };
		B643FA7B1B5F370200621A87 /* SKATest.h */ = {isa = PBXFileReference; fileEncoding = 4; lastKnownFileType = sourcecode.c.h; name = SKATest.h; path = ../../SKAToolKit/SKATestingNodes/SKATest.h; sourceTree = "<group>"; };
		B643FA7C1B5F370200621A87 /* SKATestHud.h */ = {isa = PBXFileReference; fileEncoding = 4; lastKnownFileType = sourcecode.c.h; name = SKATestHud.h; path = ../../SKAToolKit/SKATestingNodes/SKATestHud.h; sourceTree = "<group>"; };
		B643FA7D1B5F370200621A87 /* SKATestHud.m */ = {isa = PBXFileReference; fileEncoding = 4; lastKnownFileType = sourcecode.c.objc; name = SKATestHud.m; path = ../../SKAToolKit/SKATestingNodes/SKATestHud.m; sourceTree = "<group>"; };
		B643FA7E1B5F370200621A87 /* SKATestPlayer.h */ = {isa = PBXFileReference; fileEncoding = 4; lastKnownFileType = sourcecode.c.h; name = SKATestPlayer.h; path = ../../SKAToolKit/SKATestingNodes/SKATestPlayer.h; sourceTree = "<group>"; };
		B643FA7F1B5F370200621A87 /* SKATestPlayer.m */ = {isa = PBXFileReference; fileEncoding = 4; lastKnownFileType = sourcecode.c.objc; name = SKATestPlayer.m; path = ../../SKAToolKit/SKATestingNodes/SKATestPlayer.m; sourceTree = "<group>"; };
		B643FA821B5FC1B800621A87 /* platforms.atlas */ = {isa = PBXFileReference; lastKnownFileType = folder.skatlas; name = platforms.atlas; path = Resources/platforms.atlas; sourceTree = "<group>"; };
		B643FA831B5FC1B800621A87 /* misc.atlas */ = {isa = PBXFileReference; lastKnownFileType = folder.skatlas; name = misc.atlas; path = Resources/misc.atlas; sourceTree = "<group>"; };
		B643FA841B5FC1B800621A87 /* items.atlas */ = {isa = PBXFileReference; lastKnownFileType = folder.skatlas; name = items.atlas; path = Resources/items.atlas; sourceTree = "<group>"; };
		B643FA881B5FC1CC00621A87 /* SampleMapKenny.tmx */ = {isa = PBXFileReference; fileEncoding = 4; lastKnownFileType = text.xml; name = SampleMapKenny.tmx; path = Resources/tmx/SampleMapKenny.tmx; sourceTree = "<group>"; };
		B6883C171B67A9C200056809 /* bg.png */ = {isa = PBXFileReference; lastKnownFileType = image.png; name = bg.png; path = Resources/bg.png; sourceTree = "<group>"; };
		B6EBB29E1B5EB9FD00A17D18 /* SKACroppedMiniMap.h */ = {isa = PBXFileReference; fileEncoding = 4; lastKnownFileType = sourcecode.c.h; name = SKACroppedMiniMap.h; path = ../../SKAToolKit/SKACroppedMiniMap/SKACroppedMiniMap.h; sourceTree = "<group>"; };
		B6EBB29F1B5EB9FD00A17D18 /* SKACroppedMiniMap.m */ = {isa = PBXFileReference; fileEncoding = 4; lastKnownFileType = sourcecode.c.objc; name = SKACroppedMiniMap.m; path = ../../SKAToolKit/SKACroppedMiniMap/SKACroppedMiniMap.m; sourceTree = "<group>"; };
		B6EBB2AB1B5EBA8300A17D18 /* SKAMiniMap.h */ = {isa = PBXFileReference; fileEncoding = 4; lastKnownFileType = sourcecode.c.h; name = SKAMiniMap.h; path = ../../SKAToolKit/SKAMiniMap/SKAMiniMap.h; sourceTree = "<group>"; };
		B6EBB2AC1B5EBA8300A17D18 /* SKAMiniMap.m */ = {isa = PBXFileReference; fileEncoding = 4; lastKnownFileType = sourcecode.c.objc; name = SKAMiniMap.m; path = ../../SKAToolKit/SKAMiniMap/SKAMiniMap.m; sourceTree = "<group>"; };
		B6F24CE91B8955FB00577DB5 /* SKALabelNode.h */ = {isa = PBXFileReference; fileEncoding = 4; lastKnownFileType = sourcecode.c.h; name = SKALabelNode.h; path = ../../SKAToolKit/SKALabelNode/SKALabelNode.h; sourceTree = "<group>"; };
		B6F24CEA1B8955FB00577DB5 /* SKALabelNode.m */ = {isa = PBXFileReference; fileEncoding = 4; lastKnownFileType = sourcecode.c.objc; name = SKALabelNode.m; path = ../../SKAToolKit/SKALabelNode/SKALabelNode.m; sourceTree = "<group>"; };
		BB60EA121B52993A00FD72ED /* SKAToolKit.h */ = {isa = PBXFileReference; lastKnownFileType = sourcecode.c.h; name = SKAToolKit.h; path = ../../SKAToolKit/SKAToolKit.h; sourceTree = "<group>"; };
		F461257A1B30EA2700352D7C /* libz.1.2.5.dylib */ = {isa = PBXFileReference; lastKnownFileType = "compiled.mach-o.dylib"; name = libz.1.2.5.dylib; path = usr/lib/libz.1.2.5.dylib; sourceTree = SDKROOT; };
/* End PBXFileReference section */

/* Begin PBXFrameworksBuildPhase section */
		B63D27BE1AF6C17800E7F043 /* Frameworks */ = {
			isa = PBXFrameworksBuildPhase;
			buildActionMask = 2147483647;
			files = (
				F461257B1B30EA2700352D7C /* libz.1.2.5.dylib in Frameworks */,
			);
			runOnlyForDeploymentPostprocessing = 0;
		};
/* End PBXFrameworksBuildPhase section */

/* Begin PBXGroup section */
		732934CC1BCC61C3000A2F86 /* SKAProgressNode */ = {
			isa = PBXGroup;
			children = (
				732934CD1BCC6212000A2F86 /* SKAProgressNode.h */,
				732934CE1BCC6212000A2F86 /* SKAProgressNode.m */,
			);
			name = SKAProgressNode;
			sourceTree = "<group>";
		};
		B63D27B81AF6C17800E7F043 = {
			isa = PBXGroup;
			children = (
				B63D27C31AF6C17800E7F043 /* SKAToolKitExample */,
				B63D27C21AF6C17800E7F043 /* Products */,
			);
			sourceTree = "<group>";
		};
		B63D27C21AF6C17800E7F043 /* Products */ = {
			isa = PBXGroup;
			children = (
				B63D27C11AF6C17800E7F043 /* SKAToolKitExample.app */,
			);
			name = Products;
			sourceTree = "<group>";
		};
		B63D27C31AF6C17800E7F043 /* SKAToolKitExample */ = {
			isa = PBXGroup;
			children = (
				F461257A1B30EA2700352D7C /* libz.1.2.5.dylib */,
				BB3704961B50D3F700D7EE0B /* Controllers */,
				BB3704971B50D40400D7EE0B /* Scenes */,
				B6C7510E1B13907100455CA6 /* SKAToolKit */,
				BB3704911B50D37F00D7EE0B /* Resources */,
				B63D27C41AF6C17800E7F043 /* Supporting Files */,
			);
			path = SKAToolKitExample;
			sourceTree = "<group>";
		};
		B63D27C41AF6C17800E7F043 /* Supporting Files */ = {
			isa = PBXGroup;
			children = (
				B63D27C81AF6C17800E7F043 /* AppDelegate.h */,
				B63D27C91AF6C17800E7F043 /* AppDelegate.m */,
				B63D27C51AF6C17800E7F043 /* Info.plist */,
				B63D27D31AF6C17800E7F043 /* LaunchScreen.xib */,
				B63D27C61AF6C17800E7F043 /* main.m */,
			);
			name = "Supporting Files";
			sourceTree = "<group>";
		};
		B643FA551B5F353E00621A87 /* SKAButton */ = {
			isa = PBXGroup;
			children = (
				B643FA561B5F354A00621A87 /* SKAButtonSprite.h */,
				B643FA571B5F354A00621A87 /* SKAButtonSprite.m */,
			);
			name = SKAButton;
			sourceTree = "<group>";
		};
		B643FA591B5F355100621A87 /* SKATestingNodes */ = {
			isa = PBXGroup;
			children = (
				B643FA7B1B5F370200621A87 /* SKATest.h */,
				B643FA7C1B5F370200621A87 /* SKATestHud.h */,
				B643FA7D1B5F370200621A87 /* SKATestHud.m */,
				B643FA7E1B5F370200621A87 /* SKATestPlayer.h */,
				B643FA7F1B5F370200621A87 /* SKATestPlayer.m */,
			);
			name = SKATestingNodes;
			sourceTree = "<group>";
		};
		B643FA5A1B5F35C500621A87 /* SKATiledMap */ = {
			isa = PBXGroup;
			children = (
				B643FA681B5F35F100621A87 /* SKATiledMap.h */,
				B643FA691B5F35F100621A87 /* SKATiledMap.m */,
				B643FA661B5F35F100621A87 /* SKASpriteLayer.h */,
				B643FA671B5F35F100621A87 /* SKASpriteLayer.m */,
				B643FA641B5F35F100621A87 /* SKASprite.h */,
				B643FA651B5F35F100621A87 /* SKASprite.m */,
				B643FA621B5F35F100621A87 /* SKAObjectLayer.h */,
				B643FA631B5F35F100621A87 /* SKAObjectLayer.m */,
				B643FA601B5F35F100621A87 /* SKAObject.h */,
				B643FA611B5F35F100621A87 /* SKAObject.m */,
				B643FA5E1B5F35F100621A87 /* SKACollisionDefine.h */,
				B643FA5F1B5F35F100621A87 /* SKACollisionDefine.m */,
				B643FA5B1B5F35F100621A87 /* Categories */,
				B643FA6A1B5F35F100621A87 /* Utilities */,
			);
			name = SKATiledMap;
			sourceTree = "<group>";
		};
		B643FA5B1B5F35F100621A87 /* Categories */ = {
			isa = PBXGroup;
			children = (
				B643FA5C1B5F35F100621A87 /* NSMutableDictionary+SKATMXParserUtils.h */,
				B643FA5D1B5F35F100621A87 /* NSMutableDictionary+SKATMXParserUtils.m */,
			);
			name = Categories;
			path = ../../SKAToolKit/SKATiledMap/Categories;
			sourceTree = "<group>";
		};
		B643FA6A1B5F35F100621A87 /* Utilities */ = {
			isa = PBXGroup;
			children = (
				B643FA6B1B5F35F100621A87 /* LFCGzipUtility.h */,
				B643FA6C1B5F35F100621A87 /* LFCGzipUtility.m */,
				B643FA6D1B5F35F100621A87 /* SKAMapTile.h */,
				B643FA6E1B5F35F100621A87 /* SKAMapTile.m */,
				B643FA6F1B5F35F100621A87 /* SKATMXParser.h */,
				B643FA701B5F35F100621A87 /* SKATMXParser.m */,
			);
			name = Utilities;
			path = ../../SKAToolKit/SKATiledMap/Utilities;
			sourceTree = "<group>";
		};
		B6C7510E1B13907100455CA6 /* SKAToolKit */ = {
			isa = PBXGroup;
			children = (
				732934CC1BCC61C3000A2F86 /* SKAProgressNode */,
				BB60EA121B52993A00FD72ED /* SKAToolKit.h */,
				B643FA5A1B5F35C500621A87 /* SKATiledMap */,
				B643FA591B5F355100621A87 /* SKATestingNodes */,
				B643FA551B5F353E00621A87 /* SKAButton */,
				B6EBB2521B5EB88E00A17D18 /* SKACroppedMiniMap */,
				B6EBB2511B5EB88000A17D18 /* SKAMiniMap */,
				B6F24CE81B8955E000577DB5 /* SKALabelNode */,
			);
			name = SKAToolKit;
			sourceTree = "<group>";
		};
		B6EBB2511B5EB88000A17D18 /* SKAMiniMap */ = {
			isa = PBXGroup;
			children = (
				B6EBB2AB1B5EBA8300A17D18 /* SKAMiniMap.h */,
				B6EBB2AC1B5EBA8300A17D18 /* SKAMiniMap.m */,
			);
			name = SKAMiniMap;
			sourceTree = "<group>";
		};
		B6EBB2521B5EB88E00A17D18 /* SKACroppedMiniMap */ = {
			isa = PBXGroup;
			children = (
				B6EBB29E1B5EB9FD00A17D18 /* SKACroppedMiniMap.h */,
				B6EBB29F1B5EB9FD00A17D18 /* SKACroppedMiniMap.m */,
			);
			name = SKACroppedMiniMap;
			sourceTree = "<group>";
		};
		B6F24CE81B8955E000577DB5 /* SKALabelNode */ = {
			isa = PBXGroup;
			children = (
				B6F24CE91B8955FB00577DB5 /* SKALabelNode.h */,
				B6F24CEA1B8955FB00577DB5 /* SKALabelNode.m */,
			);
			name = SKALabelNode;
			sourceTree = "<group>";
		};
		BB3704911B50D37F00D7EE0B /* Resources */ = {
			isa = PBXGroup;
			children = (
				B6883C171B67A9C200056809 /* bg.png */,
				B643FA821B5FC1B800621A87 /* platforms.atlas */,
				B643FA831B5FC1B800621A87 /* misc.atlas */,
				B643FA841B5FC1B800621A87 /* items.atlas */,
				B63D27D11AF6C17800E7F043 /* Images.xcassets */,
				BB3704931B50D39A00D7EE0B /* tmx */,
			);
			name = Resources;
			sourceTree = "<group>";
		};
		BB3704931B50D39A00D7EE0B /* tmx */ = {
			isa = PBXGroup;
			children = (
				B643FA881B5FC1CC00621A87 /* SampleMapKenny.tmx */,
			);
			name = tmx;
			sourceTree = "<group>";
		};
		BB3704961B50D3F700D7EE0B /* Controllers */ = {
			isa = PBXGroup;
			children = (
				B63D27CB1AF6C17800E7F043 /* ViewController.h */,
				B63D27CC1AF6C17800E7F043 /* ViewController.m */,
			);
			name = Controllers;
			sourceTree = "<group>";
		};
		BB3704971B50D40400D7EE0B /* Scenes */ = {
			isa = PBXGroup;
			children = (
				B63D29DE1AF6F50600E7F043 /* GameScene.h */,
				B63D29DF1AF6F50600E7F043 /* GameScene.m */,
			);
			name = Scenes;
			sourceTree = "<group>";
		};
/* End PBXGroup section */

/* Begin PBXNativeTarget section */
		B63D27C01AF6C17800E7F043 /* SKAToolKitExample */ = {
			isa = PBXNativeTarget;
			buildConfigurationList = B63D27E41AF6C17800E7F043 /* Build configuration list for PBXNativeTarget "SKAToolKitExample" */;
			buildPhases = (
				B63D27BD1AF6C17800E7F043 /* Sources */,
				B63D27BE1AF6C17800E7F043 /* Frameworks */,
				B63D27BF1AF6C17800E7F043 /* Resources */,
				B67A58611B125BBB00395E70 /* Embed Frameworks */,
			);
			buildRules = (
			);
			dependencies = (
			);
			name = SKAToolKitExample;
			productName = SKATMXParser;
			productReference = B63D27C11AF6C17800E7F043 /* SKAToolKitExample.app */;
			productType = "com.apple.product-type.application";
		};
/* End PBXNativeTarget section */

/* Begin PBXProject section */
		B63D27B91AF6C17800E7F043 /* Project object */ = {
			isa = PBXProject;
			attributes = {
				LastUpgradeCheck = 0700;
				ORGANIZATIONNAME = "Sprite Kit Alliance";
				TargetAttributes = {
					B63D27C01AF6C17800E7F043 = {
						CreatedOnToolsVersion = 6.3.1;
					};
				};
			};
			buildConfigurationList = B63D27BC1AF6C17800E7F043 /* Build configuration list for PBXProject "SKAToolKitExample" */;
			compatibilityVersion = "Xcode 3.2";
			developmentRegion = English;
			hasScannedForEncodings = 0;
			knownRegions = (
				en,
				Base,
			);
			mainGroup = B63D27B81AF6C17800E7F043;
			productRefGroup = B63D27C21AF6C17800E7F043 /* Products */;
			projectDirPath = "";
			projectRoot = "";
			targets = (
				B63D27C01AF6C17800E7F043 /* SKAToolKitExample */,
			);
		};
/* End PBXProject section */

/* Begin PBXResourcesBuildPhase section */
		B63D27BF1AF6C17800E7F043 /* Resources */ = {
			isa = PBXResourcesBuildPhase;
			buildActionMask = 2147483647;
			files = (
				B643FA891B5FC1CC00621A87 /* SampleMapKenny.tmx in Resources */,
				B63D27D51AF6C17800E7F043 /* LaunchScreen.xib in Resources */,
				B643FA851B5FC1B800621A87 /* platforms.atlas in Resources */,
				B63D27D21AF6C17800E7F043 /* Images.xcassets in Resources */,
				B6883C181B67A9C200056809 /* bg.png in Resources */,
				B643FA871B5FC1B800621A87 /* items.atlas in Resources */,
				B643FA861B5FC1B800621A87 /* misc.atlas in Resources */,
			);
			runOnlyForDeploymentPostprocessing = 0;
		};
/* End PBXResourcesBuildPhase section */

/* Begin PBXSourcesBuildPhase section */
		B63D27BD1AF6C17800E7F043 /* Sources */ = {
			isa = PBXSourcesBuildPhase;
			buildActionMask = 2147483647;
			files = (
				B63D27CD1AF6C17800E7F043 /* ViewController.m in Sources */,
				B643FA801B5F370200621A87 /* SKATestHud.m in Sources */,
				732934CF1BCC6212000A2F86 /* SKAProgressNode.m in Sources */,
				B643FA781B5F35F100621A87 /* LFCGzipUtility.m in Sources */,
				B643FA791B5F35F100621A87 /* SKAMapTile.m in Sources */,
				B63D27CA1AF6C17800E7F043 /* AppDelegate.m in Sources */,
				B6EBB2AD1B5EBA8300A17D18 /* SKAMiniMap.m in Sources */,
				B643FA581B5F354A00621A87 /* SKAButtonSprite.m in Sources */,
				B643FA731B5F35F100621A87 /* SKAObject.m in Sources */,
				B643FA711B5F35F100621A87 /* NSMutableDictionary+SKATMXParserUtils.m in Sources */,
				B643FA761B5F35F100621A87 /* SKASpriteLayer.m in Sources */,
				B6EBB2A01B5EB9FD00A17D18 /* SKACroppedMiniMap.m in Sources */,
				B63D29E01AF6F50600E7F043 /* GameScene.m in Sources */,
				B643FA751B5F35F100621A87 /* SKASprite.m in Sources */,
				B643FA721B5F35F100621A87 /* SKACollisionDefine.m in Sources */,
				B6F24CEB1B8955FB00577DB5 /* SKALabelNode.m in Sources */,
				B643FA811B5F370200621A87 /* SKATestPlayer.m in Sources */,
				B643FA771B5F35F100621A87 /* SKATiledMap.m in Sources */,
				B63D27C71AF6C17800E7F043 /* main.m in Sources */,
				B643FA7A1B5F35F100621A87 /* SKATMXParser.m in Sources */,
				B643FA741B5F35F100621A87 /* SKAObjectLayer.m in Sources */,
			);
			runOnlyForDeploymentPostprocessing = 0;
		};
/* End PBXSourcesBuildPhase section */

/* Begin PBXVariantGroup section */
		B63D27D31AF6C17800E7F043 /* LaunchScreen.xib */ = {
			isa = PBXVariantGroup;
			children = (
				B63D27D41AF6C17800E7F043 /* Base */,
			);
			name = LaunchScreen.xib;
			sourceTree = "<group>";
		};
/* End PBXVariantGroup section */

/* Begin XCBuildConfiguration section */
		B63D27E21AF6C17800E7F043 /* Debug */ = {
			isa = XCBuildConfiguration;
			buildSettings = {
				ALWAYS_SEARCH_USER_PATHS = NO;
				CLANG_CXX_LANGUAGE_STANDARD = "gnu++0x";
				CLANG_CXX_LIBRARY = "libc++";
				CLANG_ENABLE_MODULES = YES;
				CLANG_ENABLE_OBJC_ARC = YES;
				CLANG_WARN_BOOL_CONVERSION = YES;
				CLANG_WARN_CONSTANT_CONVERSION = YES;
				CLANG_WARN_DIRECT_OBJC_ISA_USAGE = YES_ERROR;
				CLANG_WARN_EMPTY_BODY = YES;
				CLANG_WARN_ENUM_CONVERSION = YES;
				CLANG_WARN_INT_CONVERSION = YES;
				CLANG_WARN_OBJC_ROOT_CLASS = YES_ERROR;
				CLANG_WARN_UNREACHABLE_CODE = YES;
				CLANG_WARN__DUPLICATE_METHOD_MATCH = YES;
				"CODE_SIGN_IDENTITY[sdk=iphoneos*]" = "iPhone Developer";
				COPY_PHASE_STRIP = NO;
				DEBUG_INFORMATION_FORMAT = "dwarf-with-dsym";
				ENABLE_STRICT_OBJC_MSGSEND = YES;
				ENABLE_TESTABILITY = YES;
				GCC_C_LANGUAGE_STANDARD = gnu99;
				GCC_DYNAMIC_NO_PIC = NO;
				GCC_NO_COMMON_BLOCKS = YES;
				GCC_OPTIMIZATION_LEVEL = 0;
				GCC_PREPROCESSOR_DEFINITIONS = (
					"DEBUG=1",
					"$(inherited)",
				);
				GCC_SYMBOLS_PRIVATE_EXTERN = NO;
				GCC_WARN_64_TO_32_BIT_CONVERSION = YES;
				GCC_WARN_ABOUT_RETURN_TYPE = YES_ERROR;
				GCC_WARN_UNDECLARED_SELECTOR = YES;
				GCC_WARN_UNINITIALIZED_AUTOS = YES_AGGRESSIVE;
				GCC_WARN_UNUSED_FUNCTION = YES;
				GCC_WARN_UNUSED_VARIABLE = YES;
				IPHONEOS_DEPLOYMENT_TARGET = 8.0;
				MTL_ENABLE_DEBUG_INFO = YES;
				ONLY_ACTIVE_ARCH = YES;
				SDKROOT = iphoneos;
				"Texture Atlas Maximum Size" = 2048x2048;
			};
			name = Debug;
		};
		B63D27E31AF6C17800E7F043 /* Release */ = {
			isa = XCBuildConfiguration;
			buildSettings = {
				ALWAYS_SEARCH_USER_PATHS = NO;
				CLANG_CXX_LANGUAGE_STANDARD = "gnu++0x";
				CLANG_CXX_LIBRARY = "libc++";
				CLANG_ENABLE_MODULES = YES;
				CLANG_ENABLE_OBJC_ARC = YES;
				CLANG_WARN_BOOL_CONVERSION = YES;
				CLANG_WARN_CONSTANT_CONVERSION = YES;
				CLANG_WARN_DIRECT_OBJC_ISA_USAGE = YES_ERROR;
				CLANG_WARN_EMPTY_BODY = YES;
				CLANG_WARN_ENUM_CONVERSION = YES;
				CLANG_WARN_INT_CONVERSION = YES;
				CLANG_WARN_OBJC_ROOT_CLASS = YES_ERROR;
				CLANG_WARN_UNREACHABLE_CODE = YES;
				CLANG_WARN__DUPLICATE_METHOD_MATCH = YES;
				"CODE_SIGN_IDENTITY[sdk=iphoneos*]" = "iPhone Developer";
				COPY_PHASE_STRIP = NO;
				DEBUG_INFORMATION_FORMAT = "dwarf-with-dsym";
				ENABLE_NS_ASSERTIONS = NO;
				ENABLE_STRICT_OBJC_MSGSEND = YES;
				GCC_C_LANGUAGE_STANDARD = gnu99;
				GCC_NO_COMMON_BLOCKS = YES;
				GCC_WARN_64_TO_32_BIT_CONVERSION = YES;
				GCC_WARN_ABOUT_RETURN_TYPE = YES_ERROR;
				GCC_WARN_UNDECLARED_SELECTOR = YES;
				GCC_WARN_UNINITIALIZED_AUTOS = YES_AGGRESSIVE;
				GCC_WARN_UNUSED_FUNCTION = YES;
				GCC_WARN_UNUSED_VARIABLE = YES;
				IPHONEOS_DEPLOYMENT_TARGET = 8.0;
				MTL_ENABLE_DEBUG_INFO = NO;
				SDKROOT = iphoneos;
				"Texture Atlas Maximum Size" = 2048x2048;
				VALIDATE_PRODUCT = YES;
			};
			name = Release;
		};
		B63D27E51AF6C17800E7F043 /* Debug */ = {
			isa = XCBuildConfiguration;
			buildSettings = {
				ASSETCATALOG_COMPILER_APPICON_NAME = AppIcon;
				FRAMEWORK_SEARCH_PATHS = "$(inherited)";
				INFOPLIST_FILE = SKAToolKitExample/Info.plist;
				LD_RUNPATH_SEARCH_PATHS = "$(inherited) @executable_path/Frameworks";
				PRODUCT_BUNDLE_IDENTIFIER = "com.spritekitalliance.$(PRODUCT_NAME:rfc1034identifier)";
				PRODUCT_NAME = SKAToolKitExample;
			};
			name = Debug;
		};
		B63D27E61AF6C17800E7F043 /* Release */ = {
			isa = XCBuildConfiguration;
			buildSettings = {
				ASSETCATALOG_COMPILER_APPICON_NAME = AppIcon;
				FRAMEWORK_SEARCH_PATHS = "$(inherited)";
				INFOPLIST_FILE = SKAToolKitExample/Info.plist;
				LD_RUNPATH_SEARCH_PATHS = "$(inherited) @executable_path/Frameworks";
				PRODUCT_BUNDLE_IDENTIFIER = "com.spritekitalliance.$(PRODUCT_NAME:rfc1034identifier)";
				PRODUCT_NAME = SKAToolKitExample;
			};
			name = Release;
		};
/* End XCBuildConfiguration section */

/* Begin XCConfigurationList section */
		B63D27BC1AF6C17800E7F043 /* Build configuration list for PBXProject "SKAToolKitExample" */ = {
			isa = XCConfigurationList;
			buildConfigurations = (
				B63D27E21AF6C17800E7F043 /* Debug */,
				B63D27E31AF6C17800E7F043 /* Release */,
			);
			defaultConfigurationIsVisible = 0;
			defaultConfigurationName = Release;
		};
		B63D27E41AF6C17800E7F043 /* Build configuration list for PBXNativeTarget "SKAToolKitExample" */ = {
			isa = XCConfigurationList;
			buildConfigurations = (
				B63D27E51AF6C17800E7F043 /* Debug */,
				B63D27E61AF6C17800E7F043 /* Release */,
			);
			defaultConfigurationIsVisible = 0;
			defaultConfigurationName = Release;
		};
/* End XCConfigurationList section */
	};
	rootObject = B63D27B91AF6C17800E7F043 /* Project object */;
}
